
Microsoft Visual Studio Solution File, Format Version 12.00
# Visual Studio Version 17
VisualStudioVersion = 17.7.34202.233
MinimumVisualStudioVersion = 10.0.40219.1
Project("{8BC9CEB8-8B4A-11D0-8D11-00A0C91BC942}") = "Day4_Part1", "Day4_Part1.vcxproj", "{C90E61F8-E2C6-4E69-9CBA-D5E856CCD0B4}"
EndProject
Global
	GlobalSection(SolutionConfigurationPlatforms) = preSolution
		Debug|x64 = Debug|x64
		Debug|x86 = Debug|x86
		Release|x64 = Release|x64
		Release|x86 = Release|x86
	EndGlobalSection
	GlobalSection(ProjectConfigurationPlatforms) = postSolution
		{C90E61F8-E2C6-4E69-9CBA-D5E856CCD0B4}.Debug|x64.ActiveCfg = Debug|x64
		{C90E61F8-E2C6-4E69-9CBA-D5E856CCD0B4}.Debug|x64.Build.0 = Debug|x64
		{C90E61F8-E2C6-4E69-9CBA-D5E856CCD0B4}.Debug|x86.ActiveCfg = Debug|Win32
		{C90E61F8-E2C6-4E69-9CBA-D5E856CCD0B4}.Debug|x86.Build.0 = Debug|Win32
		{C90E61F8-E2C6-4E69-9CBA-D5E856CCD0B4}.Release|x64.ActiveCfg = Release|x64
		{C90E61F8-E2C6-4E69-9CBA-D5E856CCD0B4}.Release|x64.Build.0 = Release|x64
		{C90E61F8-E2C6-4E69-9CBA-D5E856CCD0B4}.Release|x86.ActiveCfg = Release|Win32
		{C90E61F8-E2C6-4E69-9CBA-D5E856CCD0B4}.Release|x86.Build.0 = Release|Win32
	EndGlobalSection
	GlobalSection(SolutionProperties) = preSolution
		HideSolutionNode = FALSE
	EndGlobalSection
	GlobalSection(ExtensibilityGlobals) = postSolution
		SolutionGuid = {C6E445A4-9399-436F-A797-FCE501AD2947}
	EndGlobalSection
EndGlobal
