
Microsoft Visual Studio Solution File, Format Version 12.00
# Visual Studio Version 17
VisualStudioVersion = 17.7.34202.233
MinimumVisualStudioVersion = 10.0.40219.1
Project("{8BC9CEB8-8B4A-11D0-8D11-00A0C91BC942}") = "Day3_Part1", "Day3_Part1.vcxproj", "{BA846C0E-35BA-4EE9-8180-350B0877A432}"
EndProject
Global
	GlobalSection(SolutionConfigurationPlatforms) = preSolution
		Debug|x64 = Debug|x64
		Debug|x86 = Debug|x86
		Release|x64 = Release|x64
		Release|x86 = Release|x86
	EndGlobalSection
	GlobalSection(ProjectConfigurationPlatforms) = postSolution
		{BA846C0E-35BA-4EE9-8180-350B0877A432}.Debug|x64.ActiveCfg = Debug|x64
		{BA846C0E-35BA-4EE9-8180-350B0877A432}.Debug|x64.Build.0 = Debug|x64
		{BA846C0E-35BA-4EE9-8180-350B0877A432}.Debug|x86.ActiveCfg = Debug|Win32
		{BA846C0E-35BA-4EE9-8180-350B0877A432}.Debug|x86.Build.0 = Debug|Win32
		{BA846C0E-35BA-4EE9-8180-350B0877A432}.Release|x64.ActiveCfg = Release|x64
		{BA846C0E-35BA-4EE9-8180-350B0877A432}.Release|x64.Build.0 = Release|x64
		{BA846C0E-35BA-4EE9-8180-350B0877A432}.Release|x86.ActiveCfg = Release|Win32
		{BA846C0E-35BA-4EE9-8180-350B0877A432}.Release|x86.Build.0 = Release|Win32
	EndGlobalSection
	GlobalSection(SolutionProperties) = preSolution
		HideSolutionNode = FALSE
	EndGlobalSection
	GlobalSection(ExtensibilityGlobals) = postSolution
		SolutionGuid = {0E328FBF-DEB3-4CD7-96F9-9B64A96B4473}
	EndGlobalSection
EndGlobal
